
Microsoft Visual Studio Solution File, Format Version 12.00
# Visual Studio 2013
VisualStudioVersion = 12.0.40629.0
MinimumVisualStudioVersion = 10.0.40219.1
Project("{FAE04EC0-301F-11D3-BF4B-00C04F79EFBC}") = "LGG.MyCase.Domain", "LGG.MyCase.Domain\LGG.MyCase.Domain.csproj", "{A7244566-76F8-4F45-9EA4-2750CF153760}"
EndProject
Project("{FAE04EC0-301F-11D3-BF4B-00C04F79EFBC}") = "LGG.MyCase.Infra.Data", "LGG.MyCase.Infra.Data\LGG.MyCase.Infra.Data.csproj", "{F4D89BC4-E60D-4D9B-9080-DEF5F5D26A1A}"
EndProject
Project("{2150E333-8FDC-42A3-9474-1A3956D46DE8}") = "Solution Items", "Solution Items", "{464683C7-1E59-4D62-8C98-40E2B406198F}"
	ProjectSection(SolutionItems) = preProject
		Solution Items\notes.txt = Solution Items\notes.txt
	EndProjectSection
EndProject
Project("{FAE04EC0-301F-11D3-BF4B-00C04F79EFBC}") = "LGG.MyCase.Application", "LGG.MyCase.Application\LGG.MyCase.Application.csproj", "{79641DA3-B139-4C38-A98F-132E1DEDF6D8}"
EndProject
Project("{FAE04EC0-301F-11D3-BF4B-00C04F79EFBC}") = "LGG.MyCase.SharedKernel", "LGG.MyCase.SharedKernel\LGG.MyCase.SharedKernel.csproj", "{7043B1CA-8D09-4ED4-91DA-9B0B36A77733}"
EndProject
Project("{FAE04EC0-301F-11D3-BF4B-00C04F79EFBC}") = "ConsoleTest", "ConsoleTest\ConsoleTest.csproj", "{0D9237E9-BB0C-4692-95C3-4B4B9C68BFE6}"
EndProject
Project("{FAE04EC0-301F-11D3-BF4B-00C04F79EFBC}") = "LGG.MyCase.CrossCutting", "LGG.MyCase.CrossCutting\LGG.MyCase.CrossCutting.csproj", "{E3805AF3-F8C6-42D9-9543-740C4F949DD3}"
EndProject
Global
	GlobalSection(SolutionConfigurationPlatforms) = preSolution
		Debug|Any CPU = Debug|Any CPU
		Release|Any CPU = Release|Any CPU
	EndGlobalSection
	GlobalSection(ProjectConfigurationPlatforms) = postSolution
		{A7244566-76F8-4F45-9EA4-2750CF153760}.Debug|Any CPU.ActiveCfg = Debug|Any CPU
		{A7244566-76F8-4F45-9EA4-2750CF153760}.Debug|Any CPU.Build.0 = Debug|Any CPU
		{A7244566-76F8-4F45-9EA4-2750CF153760}.Release|Any CPU.ActiveCfg = Release|Any CPU
		{A7244566-76F8-4F45-9EA4-2750CF153760}.Release|Any CPU.Build.0 = Release|Any CPU
		{F4D89BC4-E60D-4D9B-9080-DEF5F5D26A1A}.Debug|Any CPU.ActiveCfg = Debug|Any CPU
		{F4D89BC4-E60D-4D9B-9080-DEF5F5D26A1A}.Debug|Any CPU.Build.0 = Debug|Any CPU
		{F4D89BC4-E60D-4D9B-9080-DEF5F5D26A1A}.Release|Any CPU.ActiveCfg = Release|Any CPU
		{F4D89BC4-E60D-4D9B-9080-DEF5F5D26A1A}.Release|Any CPU.Build.0 = Release|Any CPU
		{79641DA3-B139-4C38-A98F-132E1DEDF6D8}.Debug|Any CPU.ActiveCfg = Debug|Any CPU
		{79641DA3-B139-4C38-A98F-132E1DEDF6D8}.Debug|Any CPU.Build.0 = Debug|Any CPU
		{79641DA3-B139-4C38-A98F-132E1DEDF6D8}.Release|Any CPU.ActiveCfg = Release|Any CPU
		{79641DA3-B139-4C38-A98F-132E1DEDF6D8}.Release|Any CPU.Build.0 = Release|Any CPU
		{7043B1CA-8D09-4ED4-91DA-9B0B36A77733}.Debug|Any CPU.ActiveCfg = Debug|Any CPU
		{7043B1CA-8D09-4ED4-91DA-9B0B36A77733}.Debug|Any CPU.Build.0 = Debug|Any CPU
		{7043B1CA-8D09-4ED4-91DA-9B0B36A77733}.Release|Any CPU.ActiveCfg = Release|Any CPU
		{7043B1CA-8D09-4ED4-91DA-9B0B36A77733}.Release|Any CPU.Build.0 = Release|Any CPU
		{0D9237E9-BB0C-4692-95C3-4B4B9C68BFE6}.Debug|Any CPU.ActiveCfg = Debug|Any CPU
		{0D9237E9-BB0C-4692-95C3-4B4B9C68BFE6}.Debug|Any CPU.Build.0 = Debug|Any CPU
		{0D9237E9-BB0C-4692-95C3-4B4B9C68BFE6}.Release|Any CPU.ActiveCfg = Release|Any CPU
		{0D9237E9-BB0C-4692-95C3-4B4B9C68BFE6}.Release|Any CPU.Build.0 = Release|Any CPU
		{E3805AF3-F8C6-42D9-9543-740C4F949DD3}.Debug|Any CPU.ActiveCfg = Debug|Any CPU
		{E3805AF3-F8C6-42D9-9543-740C4F949DD3}.Debug|Any CPU.Build.0 = Debug|Any CPU
		{E3805AF3-F8C6-42D9-9543-740C4F949DD3}.Release|Any CPU.ActiveCfg = Release|Any CPU
		{E3805AF3-F8C6-42D9-9543-740C4F949DD3}.Release|Any CPU.Build.0 = Release|Any CPU
	EndGlobalSection
	GlobalSection(SolutionProperties) = preSolution
		HideSolutionNode = FALSE
	EndGlobalSection
EndGlobal
